{
  "name": "agunsaocs",
  "requires": true,
  "lockfileVersion": 1,
  "dependencies": {
    "datatables": {
      "version": "1.10.17",
      "resolved": "https://registry.npmjs.org/datatables/-/datatables-1.10.17.tgz",
      "integrity": "sha512-Xkgtt3ruBU7BikXKM8gtEGjh3wm5MeXe2xzQ+0+0O0EQ6wISRhAjfRm6hRKDsFbOovtu+29VB+uVE3g+8j5Yzw==",
      "requires": {
        "jquery": ">=1.7"
      }
    },
    "jquery": {
      "version": "3.3.1",
      "resolved": "https://registry.npmjs.org/jquery/-/jquery-3.3.1.tgz",
      "integrity": "sha512-Ubldcmxp5np52/ENotGxlLe6aGMvmF4R8S6tZjsP6Knsaxd/xp3Zrh50cG93lR6nPXyUFwzN3ZSOQI0wRJNdGg=="
    }
  }
}
