# THIS IS AN AUTOGENERATED FILE. DO NOT EDIT THIS FILE DIRECTLY.
# yarn lockfile v1


datatables@^1.10.17:
  version "1.10.17"
  resolved "https://registry.yarnpkg.com/datatables/-/datatables-1.10.17.tgz#ad802965bbe1111285b7c62872151ad4c642ab7b"
  dependencies:
    jquery ">=1.7"

jquery@>=1.7:
  version "3.3.1"
  resolved "https://registry.yarnpkg.com/jquery/-/jquery-3.3.1.tgz#958ce29e81c9790f31be7792df5d4d95fc57fbca"
